
Microsoft Visual Studio Solution File, Format Version 12.00
# Visual Studio Version 17
VisualStudioVersion = 17.7.34031.279
MinimumVisualStudioVersion = 10.0.40219.1
Project("{FAE04EC0-301F-11D3-BF4B-00C04F79EFBC}") = "week10", "week10\week10.csproj", "{BD3A75D2-C7AA-4777-9556-0D9C5CDAAABF}"
EndProject
Global
	GlobalSection(SolutionConfigurationPlatforms) = preSolution
		Debug|Any CPU = Debug|Any CPU
		Release|Any CPU = Release|Any CPU
	EndGlobalSection
	GlobalSection(ProjectConfigurationPlatforms) = postSolution
		{BD3A75D2-C7AA-4777-9556-0D9C5CDAAABF}.Debug|Any CPU.ActiveCfg = Debug|Any CPU
		{BD3A75D2-C7AA-4777-9556-0D9C5CDAAABF}.Debug|Any CPU.Build.0 = Debug|Any CPU
		{BD3A75D2-C7AA-4777-9556-0D9C5CDAAABF}.Release|Any CPU.ActiveCfg = Release|Any CPU
		{BD3A75D2-C7AA-4777-9556-0D9C5CDAAABF}.Release|Any CPU.Build.0 = Release|Any CPU
	EndGlobalSection
	GlobalSection(SolutionProperties) = preSolution
		HideSolutionNode = FALSE
	EndGlobalSection
	GlobalSection(ExtensibilityGlobals) = postSolution
		SolutionGuid = {16D33EF8-3799-4E55-9B60-214B97AB037D}
	EndGlobalSection
EndGlobal
